
Microsoft Visual Studio Solution File, Format Version 12.00
# Visual Studio Version 17
VisualStudioVersion = 17.12.35728.132
MinimumVisualStudioVersion = 10.0.40219.1
Project("{FAE04EC0-301F-11D3-BF4B-00C04F79EFBC}") = "Nonuso.Api", "Api\Nonuso.Api.csproj", "{8614D939-7BDC-4FA8-B771-A81ED21C2502}"
EndProject
Project("{2150E333-8FDC-42A3-9474-1A3956D46DE8}") = "Infrastructure", "Infrastructure", "{82F277C0-7936-4CE2-9C83-12B590AE36CE}"
EndProject
Project("{2150E333-8FDC-42A3-9474-1A3956D46DE8}") = "Infrastructure.Persistence", "Infrastructure.Persistence", "{85B7E1FB-F7CC-4058-BBF2-79444EF227B2}"
EndProject
Project("{FAE04EC0-301F-11D3-BF4B-00C04F79EFBC}") = "Nonuso.Infrastructure.Persistence", "Infrastructure\Infrastructure.Persistence\Nonuso.Infrastructure.Persistence.csproj", "{4DFB8314-D9A9-4B55-A554-4C2DFE086F55}"
EndProject
Project("{FAE04EC0-301F-11D3-BF4B-00C04F79EFBC}") = "Nonuso.Application", "Application\Nonuso.Application.csproj", "{8831C039-7685-4198-B3F6-D139B14B79E5}"
EndProject
Project("{FAE04EC0-301F-11D3-BF4B-00C04F79EFBC}") = "Nonuso.Domain", "Domain\Nonuso.Domain.csproj", "{CB679E8E-EC2E-4C51-BB7E-730FEC336F54}"
EndProject
Project("{FAE04EC0-301F-11D3-BF4B-00C04F79EFBC}") = "Nonuso.Messages", "Messages\Nonuso.Messages.csproj", "{A8B0F6DA-3FBE-4B58-A920-6F106A8DDC97}"
EndProject
Project("{2150E333-8FDC-42A3-9474-1A3956D46DE8}") = "Infrastructure.Auth", "Infrastructure.Auth", "{9CF16DE2-B0F8-45F3-951C-DFC81647291F}"
EndProject
Project("{FAE04EC0-301F-11D3-BF4B-00C04F79EFBC}") = "Nonuso.Infrastructure.Auth", "Infrastructure\Infrastructure.Auth\Nonuso.Infrastructure.Auth.csproj", "{165D6CC9-3234-438B-B961-12905E8A1AC7}"
EndProject
Project("{FAE04EC0-301F-11D3-BF4B-00C04F79EFBC}") = "Nonuso.Common", "Common\Nonuso.Common.csproj", "{BAAB72DB-E3F4-49FB-8C2A-358A37ABA1A2}"
EndProject
Project("{2150E333-8FDC-42A3-9474-1A3956D46DE8}") = "Solution Items", "Solution Items", "{00DD7339-AF12-4345-8152-2E46C26148AF}"
	ProjectSection(SolutionItems) = preProject
		docker-compose.prod.yml = docker-compose.prod.yml
		docker-compose.yaml = docker-compose.yaml
		docker-compose.debug.yml = docker-compose.debug.yml
		debug.ps1 = debug.ps1
		Dockerfile = Dockerfile
		Dockerfile.debug = Dockerfile.debug
		Dockerfile.prod = Dockerfile.prod
		migrate.sh = migrate.sh
		server-setup.sh = server-setup.sh
	EndProjectSection
EndProject
Project("{2150E333-8FDC-42A3-9474-1A3956D46DE8}") = "Infrastructure.Storage", "Infrastructure.Storage", "{6846FE66-236D-464C-861E-29C588C4C2D6}"
EndProject
Project("{FAE04EC0-301F-11D3-BF4B-00C04F79EFBC}") = "Nonuso.Infrastructure.Storage", "Infrastructure\Infrastructure.Storage\Nonuso.Infrastructure.Storage.csproj", "{CFFA1E19-A32F-4CA2-927E-D3777F9E316F}"
EndProject
Project("{2150E333-8FDC-42A3-9474-1A3956D46DE8}") = "Infrastructure.Notification", "Infrastructure.Notification", "{F8A179B8-0B55-4F0B-B47F-4ABD056AC921}"
EndProject
Project("{FAE04EC0-301F-11D3-BF4B-00C04F79EFBC}") = "Nonuso.Infrastructure.Notification", "Infrastructure\Infrastructure.Email\Nonuso.Infrastructure.Notification.csproj", "{60368FCE-2D3A-481A-9716-BF7168FB637C}"
EndProject
Project("{2150E333-8FDC-42A3-9474-1A3956D46DE8}") = "Infrastructure.Redis", "Infrastructure.Redis", "{47AE7A81-0780-4C2E-856A-8041AADA6F1D}"
EndProject
Project("{FAE04EC0-301F-11D3-BF4B-00C04F79EFBC}") = "Nonuso.Infrastructure.Redis", "Infrastructure\Infrastructure.Redis\Nonuso.Infrastructure.Redis.csproj", "{0D3FF7C1-4CA3-4EF7-BE4A-AFAA3A6E4B00}"
EndProject
Project("{2150E333-8FDC-42A3-9474-1A3956D46DE8}") = "Infrastructure.Secret", "Infrastructure.Secret", "{D09A5ED6-807D-4F98-BF47-2BA3399F3D3C}"
EndProject
Project("{FAE04EC0-301F-11D3-BF4B-00C04F79EFBC}") = "Nonuso.Infrastructure.Secret", "Infrastructure\Infrastructure.Secret\Nonuso.Infrastructure.Secret.csproj", "{EAAAB22E-41D5-4E35-901C-F1A04D9D1EE3}"
EndProject
Global
	GlobalSection(SolutionConfigurationPlatforms) = preSolution
		Debug|Any CPU = Debug|Any CPU
		Release|Any CPU = Release|Any CPU
	EndGlobalSection
	GlobalSection(ProjectConfigurationPlatforms) = postSolution
		{8614D939-7BDC-4FA8-B771-A81ED21C2502}.Debug|Any CPU.ActiveCfg = Debug|Any CPU
		{8614D939-7BDC-4FA8-B771-A81ED21C2502}.Debug|Any CPU.Build.0 = Debug|Any CPU
		{8614D939-7BDC-4FA8-B771-A81ED21C2502}.Release|Any CPU.ActiveCfg = Release|Any CPU
		{8614D939-7BDC-4FA8-B771-A81ED21C2502}.Release|Any CPU.Build.0 = Release|Any CPU
		{4DFB8314-D9A9-4B55-A554-4C2DFE086F55}.Debug|Any CPU.ActiveCfg = Debug|Any CPU
		{4DFB8314-D9A9-4B55-A554-4C2DFE086F55}.Debug|Any CPU.Build.0 = Debug|Any CPU
		{4DFB8314-D9A9-4B55-A554-4C2DFE086F55}.Release|Any CPU.ActiveCfg = Release|Any CPU
		{4DFB8314-D9A9-4B55-A554-4C2DFE086F55}.Release|Any CPU.Build.0 = Release|Any CPU
		{8831C039-7685-4198-B3F6-D139B14B79E5}.Debug|Any CPU.ActiveCfg = Debug|Any CPU
		{8831C039-7685-4198-B3F6-D139B14B79E5}.Debug|Any CPU.Build.0 = Debug|Any CPU
		{8831C039-7685-4198-B3F6-D139B14B79E5}.Release|Any CPU.ActiveCfg = Release|Any CPU
		{8831C039-7685-4198-B3F6-D139B14B79E5}.Release|Any CPU.Build.0 = Release|Any CPU
		{CB679E8E-EC2E-4C51-BB7E-730FEC336F54}.Debug|Any CPU.ActiveCfg = Debug|Any CPU
		{CB679E8E-EC2E-4C51-BB7E-730FEC336F54}.Debug|Any CPU.Build.0 = Debug|Any CPU
		{CB679E8E-EC2E-4C51-BB7E-730FEC336F54}.Release|Any CPU.ActiveCfg = Release|Any CPU
		{CB679E8E-EC2E-4C51-BB7E-730FEC336F54}.Release|Any CPU.Build.0 = Release|Any CPU
		{A8B0F6DA-3FBE-4B58-A920-6F106A8DDC97}.Debug|Any CPU.ActiveCfg = Debug|Any CPU
		{A8B0F6DA-3FBE-4B58-A920-6F106A8DDC97}.Debug|Any CPU.Build.0 = Debug|Any CPU
		{A8B0F6DA-3FBE-4B58-A920-6F106A8DDC97}.Release|Any CPU.ActiveCfg = Release|Any CPU
		{A8B0F6DA-3FBE-4B58-A920-6F106A8DDC97}.Release|Any CPU.Build.0 = Release|Any CPU
		{165D6CC9-3234-438B-B961-12905E8A1AC7}.Debug|Any CPU.ActiveCfg = Debug|Any CPU
		{165D6CC9-3234-438B-B961-12905E8A1AC7}.Debug|Any CPU.Build.0 = Debug|Any CPU
		{165D6CC9-3234-438B-B961-12905E8A1AC7}.Release|Any CPU.ActiveCfg = Release|Any CPU
		{165D6CC9-3234-438B-B961-12905E8A1AC7}.Release|Any CPU.Build.0 = Release|Any CPU
		{BAAB72DB-E3F4-49FB-8C2A-358A37ABA1A2}.Debug|Any CPU.ActiveCfg = Debug|Any CPU
		{BAAB72DB-E3F4-49FB-8C2A-358A37ABA1A2}.Debug|Any CPU.Build.0 = Debug|Any CPU
		{BAAB72DB-E3F4-49FB-8C2A-358A37ABA1A2}.Release|Any CPU.ActiveCfg = Release|Any CPU
		{BAAB72DB-E3F4-49FB-8C2A-358A37ABA1A2}.Release|Any CPU.Build.0 = Release|Any CPU
		{CFFA1E19-A32F-4CA2-927E-D3777F9E316F}.Debug|Any CPU.ActiveCfg = Debug|Any CPU
		{CFFA1E19-A32F-4CA2-927E-D3777F9E316F}.Debug|Any CPU.Build.0 = Debug|Any CPU
		{CFFA1E19-A32F-4CA2-927E-D3777F9E316F}.Release|Any CPU.ActiveCfg = Release|Any CPU
		{CFFA1E19-A32F-4CA2-927E-D3777F9E316F}.Release|Any CPU.Build.0 = Release|Any CPU
		{60368FCE-2D3A-481A-9716-BF7168FB637C}.Debug|Any CPU.ActiveCfg = Debug|Any CPU
		{60368FCE-2D3A-481A-9716-BF7168FB637C}.Debug|Any CPU.Build.0 = Debug|Any CPU
		{60368FCE-2D3A-481A-9716-BF7168FB637C}.Release|Any CPU.ActiveCfg = Release|Any CPU
		{60368FCE-2D3A-481A-9716-BF7168FB637C}.Release|Any CPU.Build.0 = Release|Any CPU
		{0D3FF7C1-4CA3-4EF7-BE4A-AFAA3A6E4B00}.Debug|Any CPU.ActiveCfg = Debug|Any CPU
		{0D3FF7C1-4CA3-4EF7-BE4A-AFAA3A6E4B00}.Debug|Any CPU.Build.0 = Debug|Any CPU
		{0D3FF7C1-4CA3-4EF7-BE4A-AFAA3A6E4B00}.Release|Any CPU.ActiveCfg = Release|Any CPU
		{0D3FF7C1-4CA3-4EF7-BE4A-AFAA3A6E4B00}.Release|Any CPU.Build.0 = Release|Any CPU
		{EAAAB22E-41D5-4E35-901C-F1A04D9D1EE3}.Debug|Any CPU.ActiveCfg = Debug|Any CPU
		{EAAAB22E-41D5-4E35-901C-F1A04D9D1EE3}.Debug|Any CPU.Build.0 = Debug|Any CPU
		{EAAAB22E-41D5-4E35-901C-F1A04D9D1EE3}.Release|Any CPU.ActiveCfg = Release|Any CPU
		{EAAAB22E-41D5-4E35-901C-F1A04D9D1EE3}.Release|Any CPU.Build.0 = Release|Any CPU
	EndGlobalSection
	GlobalSection(SolutionProperties) = preSolution
		HideSolutionNode = FALSE
	EndGlobalSection
	GlobalSection(NestedProjects) = preSolution
		{85B7E1FB-F7CC-4058-BBF2-79444EF227B2} = {82F277C0-7936-4CE2-9C83-12B590AE36CE}
		{4DFB8314-D9A9-4B55-A554-4C2DFE086F55} = {85B7E1FB-F7CC-4058-BBF2-79444EF227B2}
		{9CF16DE2-B0F8-45F3-951C-DFC81647291F} = {82F277C0-7936-4CE2-9C83-12B590AE36CE}
		{165D6CC9-3234-438B-B961-12905E8A1AC7} = {9CF16DE2-B0F8-45F3-951C-DFC81647291F}
		{6846FE66-236D-464C-861E-29C588C4C2D6} = {82F277C0-7936-4CE2-9C83-12B590AE36CE}
		{CFFA1E19-A32F-4CA2-927E-D3777F9E316F} = {6846FE66-236D-464C-861E-29C588C4C2D6}
		{F8A179B8-0B55-4F0B-B47F-4ABD056AC921} = {82F277C0-7936-4CE2-9C83-12B590AE36CE}
		{60368FCE-2D3A-481A-9716-BF7168FB637C} = {F8A179B8-0B55-4F0B-B47F-4ABD056AC921}
		{47AE7A81-0780-4C2E-856A-8041AADA6F1D} = {82F277C0-7936-4CE2-9C83-12B590AE36CE}
		{0D3FF7C1-4CA3-4EF7-BE4A-AFAA3A6E4B00} = {47AE7A81-0780-4C2E-856A-8041AADA6F1D}
		{D09A5ED6-807D-4F98-BF47-2BA3399F3D3C} = {82F277C0-7936-4CE2-9C83-12B590AE36CE}
		{EAAAB22E-41D5-4E35-901C-F1A04D9D1EE3} = {D09A5ED6-807D-4F98-BF47-2BA3399F3D3C}
	EndGlobalSection
EndGlobal
